
Microsoft Visual Studio Solution File, Format Version 12.00
# Visual Studio 15
VisualStudioVersion = 15.0.26730.12
MinimumVisualStudioVersion = 10.0.40219.1
Project("{9A19103F-16F7-4668-BE54-9A1E7A4F7556}") = "BusinessEntities", "BusinessEntities\BusinessEntities.csproj", "{14F5A453-AE7E-42A9-93D0-C2C21EF2CFE3}"
EndProject
Project("{9A19103F-16F7-4668-BE54-9A1E7A4F7556}") = "ApiController.Test", "ApiController.Tests\ApiController.Test.csproj", "{F2DBA6C6-5B24-412F-AC0B-D517DFA6CA62}"
EndProject
Project("{9A19103F-16F7-4668-BE54-9A1E7A4F7556}") = "DataAccessLayer", "DataAccessLayer\DataAccessLayer.csproj", "{101895C5-5A61-44DC-8492-481E50AD9B2D}"
EndProject
Project("{9A19103F-16F7-4668-BE54-9A1E7A4F7556}") = "DataAccessLayer.Test", "DataAccessLayer.Test\DataAccessLayer.Test.csproj", "{5055CB95-43AD-4F19-AD8D-A692DBFE4AA8}"
EndProject
Project("{9A19103F-16F7-4668-BE54-9A1E7A4F7556}") = "BusinessServices", "BusinessServices\BusinessServices.csproj", "{03F59466-3A0D-4358-818B-027AA6448924}"
EndProject
Project("{9A19103F-16F7-4668-BE54-9A1E7A4F7556}") = "IBusinessServices", "IBusinessServices\IBusinessServices.csproj", "{DE3D54F1-8CA3-42E5-BC36-BFD25C155A37}"
EndProject
Project("{9A19103F-16F7-4668-BE54-9A1E7A4F7556}") = "Resolver", "Resolver\Resolver.csproj", "{9654C8CF-2F47-4F2D-BF72-134774F77D61}"
EndProject
Project("{9A19103F-16F7-4668-BE54-9A1E7A4F7556}") = "BusinessServices.Test", "BusinessServices.Test\BusinessServices.Test.csproj", "{C8691D23-6647-46DA-9029-B9FE183C4AEC}"
EndProject
Project("{9A19103F-16F7-4668-BE54-9A1E7A4F7556}") = "Authentication.Server", "Authentication.Server\Authentication.Server.csproj", "{AEE60802-3583-43C6-81D9-8CF56A3D7697}"
EndProject
Project("{9A19103F-16F7-4668-BE54-9A1E7A4F7556}") = "Master.WebAPI", "Master.WebAPI\Master.WebAPI.csproj", "{3A6724BC-E658-48B4-9D80-C98553BABCCD}"
EndProject
Project("{9A19103F-16F7-4668-BE54-9A1E7A4F7556}") = "Functional.WebAPI", "Functional\Functional.WebAPI.csproj", "{35C7AF4E-878B-4833-B1A3-EBABDEA421B3}"
EndProject
Project("{9A19103F-16F7-4668-BE54-9A1E7A4F7556}") = "ERPPoc", "WebUI\ERPPoc.csproj", "{3ECEC27E-3596-4CBE-B1A0-647F82A61E02}"
EndProject
Global
	GlobalSection(SolutionConfigurationPlatforms) = preSolution
		Debug|Any CPU = Debug|Any CPU
		Release|Any CPU = Release|Any CPU
	EndGlobalSection
	GlobalSection(ProjectConfigurationPlatforms) = postSolution
		{14F5A453-AE7E-42A9-93D0-C2C21EF2CFE3}.Debug|Any CPU.ActiveCfg = Debug|Any CPU
		{14F5A453-AE7E-42A9-93D0-C2C21EF2CFE3}.Debug|Any CPU.Build.0 = Debug|Any CPU
		{14F5A453-AE7E-42A9-93D0-C2C21EF2CFE3}.Release|Any CPU.ActiveCfg = Release|Any CPU
		{14F5A453-AE7E-42A9-93D0-C2C21EF2CFE3}.Release|Any CPU.Build.0 = Release|Any CPU
		{F2DBA6C6-5B24-412F-AC0B-D517DFA6CA62}.Debug|Any CPU.ActiveCfg = Debug|Any CPU
		{F2DBA6C6-5B24-412F-AC0B-D517DFA6CA62}.Debug|Any CPU.Build.0 = Debug|Any CPU
		{F2DBA6C6-5B24-412F-AC0B-D517DFA6CA62}.Release|Any CPU.ActiveCfg = Release|Any CPU
		{F2DBA6C6-5B24-412F-AC0B-D517DFA6CA62}.Release|Any CPU.Build.0 = Release|Any CPU
		{101895C5-5A61-44DC-8492-481E50AD9B2D}.Debug|Any CPU.ActiveCfg = Debug|Any CPU
		{101895C5-5A61-44DC-8492-481E50AD9B2D}.Debug|Any CPU.Build.0 = Debug|Any CPU
		{101895C5-5A61-44DC-8492-481E50AD9B2D}.Release|Any CPU.ActiveCfg = Release|Any CPU
		{101895C5-5A61-44DC-8492-481E50AD9B2D}.Release|Any CPU.Build.0 = Release|Any CPU
		{5055CB95-43AD-4F19-AD8D-A692DBFE4AA8}.Debug|Any CPU.ActiveCfg = Debug|Any CPU
		{5055CB95-43AD-4F19-AD8D-A692DBFE4AA8}.Debug|Any CPU.Build.0 = Debug|Any CPU
		{5055CB95-43AD-4F19-AD8D-A692DBFE4AA8}.Release|Any CPU.ActiveCfg = Release|Any CPU
		{5055CB95-43AD-4F19-AD8D-A692DBFE4AA8}.Release|Any CPU.Build.0 = Release|Any CPU
		{03F59466-3A0D-4358-818B-027AA6448924}.Debug|Any CPU.ActiveCfg = Debug|Any CPU
		{03F59466-3A0D-4358-818B-027AA6448924}.Debug|Any CPU.Build.0 = Debug|Any CPU
		{03F59466-3A0D-4358-818B-027AA6448924}.Release|Any CPU.ActiveCfg = Release|Any CPU
		{03F59466-3A0D-4358-818B-027AA6448924}.Release|Any CPU.Build.0 = Release|Any CPU
		{DE3D54F1-8CA3-42E5-BC36-BFD25C155A37}.Debug|Any CPU.ActiveCfg = Debug|Any CPU
		{DE3D54F1-8CA3-42E5-BC36-BFD25C155A37}.Debug|Any CPU.Build.0 = Debug|Any CPU
		{DE3D54F1-8CA3-42E5-BC36-BFD25C155A37}.Release|Any CPU.ActiveCfg = Release|Any CPU
		{DE3D54F1-8CA3-42E5-BC36-BFD25C155A37}.Release|Any CPU.Build.0 = Release|Any CPU
		{9654C8CF-2F47-4F2D-BF72-134774F77D61}.Debug|Any CPU.ActiveCfg = Debug|Any CPU
		{9654C8CF-2F47-4F2D-BF72-134774F77D61}.Debug|Any CPU.Build.0 = Debug|Any CPU
		{9654C8CF-2F47-4F2D-BF72-134774F77D61}.Release|Any CPU.ActiveCfg = Release|Any CPU
		{9654C8CF-2F47-4F2D-BF72-134774F77D61}.Release|Any CPU.Build.0 = Release|Any CPU
		{C8691D23-6647-46DA-9029-B9FE183C4AEC}.Debug|Any CPU.ActiveCfg = Debug|Any CPU
		{C8691D23-6647-46DA-9029-B9FE183C4AEC}.Debug|Any CPU.Build.0 = Debug|Any CPU
		{C8691D23-6647-46DA-9029-B9FE183C4AEC}.Release|Any CPU.ActiveCfg = Release|Any CPU
		{C8691D23-6647-46DA-9029-B9FE183C4AEC}.Release|Any CPU.Build.0 = Release|Any CPU
		{AEE60802-3583-43C6-81D9-8CF56A3D7697}.Debug|Any CPU.ActiveCfg = Debug|Any CPU
		{AEE60802-3583-43C6-81D9-8CF56A3D7697}.Debug|Any CPU.Build.0 = Debug|Any CPU
		{AEE60802-3583-43C6-81D9-8CF56A3D7697}.Release|Any CPU.ActiveCfg = Release|Any CPU
		{AEE60802-3583-43C6-81D9-8CF56A3D7697}.Release|Any CPU.Build.0 = Release|Any CPU
		{3A6724BC-E658-48B4-9D80-C98553BABCCD}.Debug|Any CPU.ActiveCfg = Debug|Any CPU
		{3A6724BC-E658-48B4-9D80-C98553BABCCD}.Debug|Any CPU.Build.0 = Debug|Any CPU
		{3A6724BC-E658-48B4-9D80-C98553BABCCD}.Release|Any CPU.ActiveCfg = Release|Any CPU
		{3A6724BC-E658-48B4-9D80-C98553BABCCD}.Release|Any CPU.Build.0 = Release|Any CPU
		{35C7AF4E-878B-4833-B1A3-EBABDEA421B3}.Debug|Any CPU.ActiveCfg = Debug|Any CPU
		{35C7AF4E-878B-4833-B1A3-EBABDEA421B3}.Debug|Any CPU.Build.0 = Debug|Any CPU
		{35C7AF4E-878B-4833-B1A3-EBABDEA421B3}.Release|Any CPU.ActiveCfg = Release|Any CPU
		{35C7AF4E-878B-4833-B1A3-EBABDEA421B3}.Release|Any CPU.Build.0 = Release|Any CPU
		{3ECEC27E-3596-4CBE-B1A0-647F82A61E02}.Debug|Any CPU.ActiveCfg = Debug|Any CPU
		{3ECEC27E-3596-4CBE-B1A0-647F82A61E02}.Debug|Any CPU.Build.0 = Debug|Any CPU
		{3ECEC27E-3596-4CBE-B1A0-647F82A61E02}.Release|Any CPU.ActiveCfg = Release|Any CPU
		{3ECEC27E-3596-4CBE-B1A0-647F82A61E02}.Release|Any CPU.Build.0 = Release|Any CPU
	EndGlobalSection
	GlobalSection(SolutionProperties) = preSolution
		HideSolutionNode = FALSE
	EndGlobalSection
	GlobalSection(ExtensibilityGlobals) = postSolution
		SolutionGuid = {AD9BCF7E-7377-4D3C-A5AF-F065012A459D}
	EndGlobalSection
EndGlobal
